// !$*UTF8*$!
{
	archiveVersion = 1;
	classes = {
	};
	objectVersion = 56;
	objects = {

/* Begin PBXBuildFile section */
		0754CE082AFBFF7800949B1B /* luminXlogicApp.swift in Sources */ = {isa = PBXBuildFile; fileRef = 0754CE072AFBFF7800949B1B /* luminXlogicApp.swift */; };
		0754CE0A2AFBFF7800949B1B /* ContentView.swift in Sources */ = {isa = PBXBuildFile; fileRef = 0754CE092AFBFF7800949B1B /* ContentView.swift */; };
		0754CE0C2AFBFF7900949B1B /* Assets.xcassets in Resources */ = {isa = PBXBuildFile; fileRef = 0754CE0B2AFBFF7900949B1B /* Assets.xcassets */; };
		0754CE0F2AFBFF7900949B1B /* Preview Assets.xcassets in Resources */ = {isa = PBXBuildFile; fileRef = 0754CE0E2AFBFF7900949B1B /* Preview Assets.xcassets */; };
		0754CE192AFBFF7900949B1B /* luminXlogicTests.swift in Sources */ = {isa = PBXBuildFile; fileRef = 0754CE182AFBFF7900949B1B /* luminXlogicTests.swift */; };
		0754CE232AFBFF7900949B1B /* luminXlogicUITests.swift in Sources */ = {isa = PBXBuildFile; fileRef = 0754CE222AFBFF7900949B1B /* luminXlogicUITests.swift */; };
		0754CE252AFBFF7900949B1B /* luminXlogicUITestsLaunchTests.swift in Sources */ = {isa = PBXBuildFile; fileRef = 0754CE242AFBFF7900949B1B /* luminXlogicUITestsLaunchTests.swift */; };
/* End PBXBuildFile section */

/* Begin PBXContainerItemProxy section */
		0754CE152AFBFF7900949B1B /* PBXContainerItemProxy */ = {
			isa = PBXContainerItemProxy;
			containerPortal = 0754CDFC2AFBFF7800949B1B /* Project object */;
			proxyType = 1;
			remoteGlobalIDString = 0754CE032AFBFF7800949B1B;
			remoteInfo = luminXlogic;
		};
		0754CE1F2AFBFF7900949B1B /* PBXContainerItemProxy */ = {
			isa = PBXContainerItemProxy;
			containerPortal = 0754CDFC2AFBFF7800949B1B /* Project object */;
			proxyType = 1;
			remoteGlobalIDString = 0754CE032AFBFF7800949B1B;
			remoteInfo = luminXlogic;
		};
/* End PBXContainerItemProxy section */

/* Begin PBXFileReference section */
		0754CE042AFBFF7800949B1B /* luminXlogic.app */ = {isa = PBXFileReference; explicitFileType = wrapper.application; includeInIndex = 0; path = luminXlogic.app; sourceTree = BUILT_PRODUCTS_DIR; };
		0754CE072AFBFF7800949B1B /* luminXlogicApp.swift */ = {isa = PBXFileReference; lastKnownFileType = sourcecode.swift; path = luminXlogicApp.swift; sourceTree = "<group>"; };
		0754CE092AFBFF7800949B1B /* ContentView.swift */ = {isa = PBXFileReference; lastKnownFileType = sourcecode.swift; path = ContentView.swift; sourceTree = "<group>"; };
		0754CE0B2AFBFF7900949B1B /* Assets.xcassets */ = {isa = PBXFileReference; lastKnownFileType = folder.assetcatalog; path = Assets.xcassets; sourceTree = "<group>"; };
		0754CE0E2AFBFF7900949B1B /* Preview Assets.xcassets */ = {isa = PBXFileReference; lastKnownFileType = folder.assetcatalog; path = "Preview Assets.xcassets"; sourceTree = "<group>"; };
		0754CE142AFBFF7900949B1B /* luminXlogicTests.xctest */ = {isa = PBXFileReference; explicitFileType = wrapper.cfbundle; includeInIndex = 0; path = luminXlogicTests.xctest; sourceTree = BUILT_PRODUCTS_DIR; };
		0754CE182AFBFF7900949B1B /* luminXlogicTests.swift */ = {isa = PBXFileReference; lastKnownFileType = sourcecode.swift; path = luminXlogicTests.swift; sourceTree = "<group>"; };
		0754CE1E2AFBFF7900949B1B /* luminXlogicUITests.xctest */ = {isa = PBXFileReference; explicitFileType = wrapper.cfbundle; includeInIndex = 0; path = luminXlogicUITests.xctest; sourceTree = BUILT_PRODUCTS_DIR; };
		0754CE222AFBFF7900949B1B /* luminXlogicUITests.swift */ = {isa = PBXFileReference; lastKnownFileType = sourcecode.swift; path = luminXlogicUITests.swift; sourceTree = "<group>"; };
		0754CE242AFBFF7900949B1B /* luminXlogicUITestsLaunchTests.swift */ = {isa = PBXFileReference; lastKnownFileType = sourcecode.swift; path = luminXlogicUITestsLaunchTests.swift; sourceTree = "<group>"; };
/* End PBXFileReference section */

/* Begin PBXFrameworksBuildPhase section */
		0754CE012AFBFF7800949B1B /* Frameworks */ = {
			isa = PBXFrameworksBuildPhase;
			buildActionMask = 2147483647;
			files = (
			);
			runOnlyForDeploymentPostprocessing = 0;
		};
		0754CE112AFBFF7900949B1B /* Frameworks */ = {
			isa = PBXFrameworksBuildPhase;
			buildActionMask = 2147483647;
			files = (
			);
			runOnlyForDeploymentPostprocessing = 0;
		};
		0754CE1B2AFBFF7900949B1B /* Frameworks */ = {
			isa = PBXFrameworksBuildPhase;
			buildActionMask = 2147483647;
			files = (
			);
			runOnlyForDeploymentPostprocessing = 0;
		};
/* End PBXFrameworksBuildPhase section */

/* Begin PBXGroup section */
		0754CDFB2AFBFF7800949B1B = {
			isa = PBXGroup;
			children = (
				0754CE062AFBFF7800949B1B /* luminXlogic */,
				0754CE172AFBFF7900949B1B /* luminXlogicTests */,
				0754CE212AFBFF7900949B1B /* luminXlogicUITests */,
				0754CE052AFBFF7800949B1B /* Products */,
			);
			sourceTree = "<group>";
		};
		0754CE052AFBFF7800949B1B /* Products */ = {
			isa = PBXGroup;
			children = (
				0754CE042AFBFF7800949B1B /* luminXlogic.app */,
				0754CE142AFBFF7900949B1B /* luminXlogicTests.xctest */,
				0754CE1E2AFBFF7900949B1B /* luminXlogicUITests.xctest */,
			);
			name = Products;
			sourceTree = "<group>";
		};
		0754CE062AFBFF7800949B1B /* luminXlogic */ = {
			isa = PBXGroup;
			children = (
				0754CE072AFBFF7800949B1B /* luminXlogicApp.swift */,
				0754CE092AFBFF7800949B1B /* ContentView.swift */,
				0754CE0B2AFBFF7900949B1B /* Assets.xcassets */,
				0754CE0D2AFBFF7900949B1B /* Preview Content */,
			);
			path = luminXlogic;
			sourceTree = "<group>";
		};
		0754CE0D2AFBFF7900949B1B /* Preview Content */ = {
			isa = PBXGroup;
			children = (
				0754CE0E2AFBFF7900949B1B /* Preview Assets.xcassets */,
			);
			path = "Preview Content";
			sourceTree = "<group>";
		};
		0754CE172AFBFF7900949B1B /* luminXlogicTests */ = {
			isa = PBXGroup;
			children = (
				0754CE182AFBFF7900949B1B /* luminXlogicTests.swift */,
			);
			path = luminXlogicTests;
			sourceTree = "<group>";
		};
		0754CE212AFBFF7900949B1B /* luminXlogicUITests */ = {
			isa = PBXGroup;
			children = (
				0754CE222AFBFF7900949B1B /* luminXlogicUITests.swift */,
				0754CE242AFBFF7900949B1B /* luminXlogicUITestsLaunchTests.swift */,
			);
			path = luminXlogicUITests;
			sourceTree = "<group>";
		};
/* End PBXGroup section */

/* Begin PBXNativeTarget section */
		0754CE032AFBFF7800949B1B /* luminXlogic */ = {
			isa = PBXNativeTarget;
			buildConfigurationList = 0754CE282AFBFF7900949B1B /* Build configuration list for PBXNativeTarget "luminXlogic" */;
			buildPhases = (
				0754CE002AFBFF7800949B1B /* Sources */,
				0754CE012AFBFF7800949B1B /* Frameworks */,
				0754CE022AFBFF7800949B1B /* Resources */,
			);
			buildRules = (
			);
			dependencies = (
			);
			name = luminXlogic;
			productName = luminXlogic;
			productReference = 0754CE042AFBFF7800949B1B /* luminXlogic.app */;
			productType = "com.apple.product-type.application";
		};
		0754CE132AFBFF7900949B1B /* luminXlogicTests */ = {
			isa = PBXNativeTarget;
			buildConfigurationList = 0754CE2B2AFBFF7900949B1B /* Build configuration list for PBXNativeTarget "luminXlogicTests" */;
			buildPhases = (
				0754CE102AFBFF7900949B1B /* Sources */,
				0754CE112AFBFF7900949B1B /* Frameworks */,
				0754CE122AFBFF7900949B1B /* Resources */,
			);
			buildRules = (
			);
			dependencies = (
				0754CE162AFBFF7900949B1B /* PBXTargetDependency */,
			);
			name = luminXlogicTests;
			productName = luminXlogicTests;
			productReference = 0754CE142AFBFF7900949B1B /* luminXlogicTests.xctest */;
			productType = "com.apple.product-type.bundle.unit-test";
		};
		0754CE1D2AFBFF7900949B1B /* luminXlogicUITests */ = {
			isa = PBXNativeTarget;
			buildConfigurationList = 0754CE2E2AFBFF7900949B1B /* Build configuration list for PBXNativeTarget "luminXlogicUITests" */;
			buildPhases = (
				0754CE1A2AFBFF7900949B1B /* Sources */,
				0754CE1B2AFBFF7900949B1B /* Frameworks */,
				0754CE1C2AFBFF7900949B1B /* Resources */,
			);
			buildRules = (
			);
			dependencies = (
				0754CE202AFBFF7900949B1B /* PBXTargetDependency */,
			);
			name = luminXlogicUITests;
			productName = luminXlogicUITests;
			productReference = 0754CE1E2AFBFF7900949B1B /* luminXlogicUITests.xctest */;
			productType = "com.apple.product-type.bundle.ui-testing";
		};
/* End PBXNativeTarget section */

/* Begin PBXProject section */
		0754CDFC2AFBFF7800949B1B /* Project object */ = {
			isa = PBXProject;
			attributes = {
				BuildIndependentTargetsInParallel = 1;
				LastSwiftUpdateCheck = 1430;
				LastUpgradeCheck = 1430;
				TargetAttributes = {
					0754CE032AFBFF7800949B1B = {
						CreatedOnToolsVersion = 14.3.1;
					};
					0754CE132AFBFF7900949B1B = {
						CreatedOnToolsVersion = 14.3.1;
						TestTargetID = 0754CE032AFBFF7800949B1B;
					};
					0754CE1D2AFBFF7900949B1B = {
						CreatedOnToolsVersion = 14.3.1;
						TestTargetID = 0754CE032AFBFF7800949B1B;
					};
				};
			};
			buildConfigurationList = 0754CDFF2AFBFF7800949B1B /* Build configuration list for PBXProject "luminXlogic" */;
			compatibilityVersion = "Xcode 14.0";
			developmentRegion = en;
			hasScannedForEncodings = 0;
			knownRegions = (
				en,
				Base,
			);
			mainGroup = 0754CDFB2AFBFF7800949B1B;
			productRefGroup = 0754CE052AFBFF7800949B1B /* Products */;
			projectDirPath = "";
			projectRoot = "";
			targets = (
				0754CE032AFBFF7800949B1B /* luminXlogic */,
				0754CE132AFBFF7900949B1B /* luminXlogicTests */,
				0754CE1D2AFBFF7900949B1B /* luminXlogicUITests */,
			);
		};
/* End PBXProject section */

/* Begin PBXResourcesBuildPhase section */
		0754CE022AFBFF7800949B1B /* Resources */ = {
			isa = PBXResourcesBuildPhase;
			buildActionMask = 2147483647;
			files = (
				0754CE0F2AFBFF7900949B1B /* Preview Assets.xcassets in Resources */,
				0754CE0C2AFBFF7900949B1B /* Assets.xcassets in Resources */,
			);
			runOnlyForDeploymentPostprocessing = 0;
		};
		0754CE122AFBFF7900949B1B /* Resources */ = {
			isa = PBXResourcesBuildPhase;
			buildActionMask = 2147483647;
			files = (
			);
			runOnlyForDeploymentPostprocessing = 0;
		};
		0754CE1C2AFBFF7900949B1B /* Resources */ = {
			isa = PBXResourcesBuildPhase;
			buildActionMask = 2147483647;
			files = (
			);
			runOnlyForDeploymentPostprocessing = 0;
		};
/* End PBXResourcesBuildPhase section */

/* Begin PBXSourcesBuildPhase section */
		0754CE002AFBFF7800949B1B /* Sources */ = {
			isa = PBXSourcesBuildPhase;
			buildActionMask = 2147483647;
			files = (
				0754CE0A2AFBFF7800949B1B /* ContentView.swift in Sources */,
				0754CE082AFBFF7800949B1B /* luminXlogicApp.swift in Sources */,
			);
			runOnlyForDeploymentPostprocessing = 0;
		};
		0754CE102AFBFF7900949B1B /* Sources */ = {
			isa = PBXSourcesBuildPhase;
			buildActionMask = 2147483647;
			files = (
				0754CE192AFBFF7900949B1B /* luminXlogicTests.swift in Sources */,
			);
			runOnlyForDeploymentPostprocessing = 0;
		};
		0754CE1A2AFBFF7900949B1B /* Sources */ = {
			isa = PBXSourcesBuildPhase;
			buildActionMask = 2147483647;
			files = (
				0754CE252AFBFF7900949B1B /* luminXlogicUITestsLaunchTests.swift in Sources */,
				0754CE232AFBFF7900949B1B /* luminXlogicUITests.swift in Sources */,
			);
			runOnlyForDeploymentPostprocessing = 0;
		};
/* End PBXSourcesBuildPhase section */

/* Begin PBXTargetDependency section */
		0754CE162AFBFF7900949B1B /* PBXTargetDependency */ = {
			isa = PBXTargetDependency;
			target = 0754CE032AFBFF7800949B1B /* luminXlogic */;
			targetProxy = 0754CE152AFBFF7900949B1B /* PBXContainerItemProxy */;
		};
		0754CE202AFBFF7900949B1B /* PBXTargetDependency */ = {
			isa = PBXTargetDependency;
			target = 0754CE032AFBFF7800949B1B /* luminXlogic */;
			targetProxy = 0754CE1F2AFBFF7900949B1B /* PBXContainerItemProxy */;
		};
/* End PBXTargetDependency section */

/* Begin XCBuildConfiguration section */
		0754CE262AFBFF7900949B1B /* Debug */ = {
			isa = XCBuildConfiguration;
			buildSettings = {
				ALWAYS_SEARCH_USER_PATHS = NO;
				CLANG_ANALYZER_NONNULL = YES;
				CLANG_ANALYZER_NUMBER_OBJECT_CONVERSION = YES_AGGRESSIVE;
				CLANG_CXX_LANGUAGE_STANDARD = "gnu++20";
				CLANG_ENABLE_MODULES = YES;
				CLANG_ENABLE_OBJC_ARC = YES;
				CLANG_ENABLE_OBJC_WEAK = YES;
				CLANG_WARN_BLOCK_CAPTURE_AUTORELEASING = YES;
				CLANG_WARN_BOOL_CONVERSION = YES;
				CLANG_WARN_COMMA = YES;
				CLANG_WARN_CONSTANT_CONVERSION = YES;
				CLANG_WARN_DEPRECATED_OBJC_IMPLEMENTATIONS = YES;
				CLANG_WARN_DIRECT_OBJC_ISA_USAGE = YES_ERROR;
				CLANG_WARN_DOCUMENTATION_COMMENTS = YES;
				CLANG_WARN_EMPTY_BODY = YES;
				CLANG_WARN_ENUM_CONVERSION = YES;
				CLANG_WARN_INFINITE_RECURSION = YES;
				CLANG_WARN_INT_CONVERSION = YES;
				CLANG_WARN_NON_LITERAL_NULL_CONVERSION = YES;
				CLANG_WARN_OBJC_IMPLICIT_RETAIN_SELF = YES;
				CLANG_WARN_OBJC_LITERAL_CONVERSION = YES;
				CLANG_WARN_OBJC_ROOT_CLASS = YES_ERROR;
				CLANG_WARN_QUOTED_INCLUDE_IN_FRAMEWORK_HEADER = YES;
				CLANG_WARN_RANGE_LOOP_ANALYSIS = YES;
				CLANG_WARN_STRICT_PROTOTYPES = YES;
				CLANG_WARN_SUSPICIOUS_MOVE = YES;
				CLANG_WARN_UNGUARDED_AVAILABILITY = YES_AGGRESSIVE;
				CLANG_WARN_UNREACHABLE_CODE = YES;
				CLANG_WARN__DUPLICATE_METHOD_MATCH = YES;
				COPY_PHASE_STRIP = NO;
				DEBUG_INFORMATION_FORMAT = dwarf;
				ENABLE_STRICT_OBJC_MSGSEND = YES;
				ENABLE_TESTABILITY = YES;
				GCC_C_LANGUAGE_STANDARD = gnu11;
				GCC_DYNAMIC_NO_PIC = NO;
				GCC_NO_COMMON_BLOCKS = YES;
				GCC_OPTIMIZATION_LEVEL = 0;
				GCC_PREPROCESSOR_DEFINITIONS = (
					"DEBUG=1",
					"$(inherited)",
				);
				GCC_WARN_64_TO_32_BIT_CONVERSION = YES;
				GCC_WARN_ABOUT_RETURN_TYPE = YES_ERROR;
				GCC_WARN_UNDECLARED_SELECTOR = YES;
				GCC_WARN_UNINITIALIZED_AUTOS = YES_AGGRESSIVE;
				GCC_WARN_UNUSED_FUNCTION = YES;
				GCC_WARN_UNUSED_VARIABLE = YES;
				IPHONEOS_DEPLOYMENT_TARGET = 16.4;
				MTL_ENABLE_DEBUG_INFO = INCLUDE_SOURCE;
				MTL_FAST_MATH = YES;
				ONLY_ACTIVE_ARCH = YES;
				SDKROOT = iphoneos;
				SWIFT_ACTIVE_COMPILATION_CONDITIONS = DEBUG;
				SWIFT_OPTIMIZATION_LEVEL = "-Onone";
			};
			name = Debug;
		};
		0754CE272AFBFF7900949B1B /* Release */ = {
			isa = XCBuildConfiguration;
			buildSettings = {
				ALWAYS_SEARCH_USER_PATHS = NO;
				CLANG_ANALYZER_NONNULL = YES;
				CLANG_ANALYZER_NUMBER_OBJECT_CONVERSION = YES_AGGRESSIVE;
				CLANG_CXX_LANGUAGE_STANDARD = "gnu++20";
				CLANG_ENABLE_MODULES = YES;
				CLANG_ENABLE_OBJC_ARC = YES;
				CLANG_ENABLE_OBJC_WEAK = YES;
				CLANG_WARN_BLOCK_CAPTURE_AUTORELEASING = YES;
				CLANG_WARN_BOOL_CONVERSION = YES;
				CLANG_WARN_COMMA = YES;
				CLANG_WARN_CONSTANT_CONVERSION = YES;
				CLANG_WARN_DEPRECATED_OBJC_IMPLEMENTATIONS = YES;
				CLANG_WARN_DIRECT_OBJC_ISA_USAGE = YES_ERROR;
				CLANG_WARN_DOCUMENTATION_COMMENTS = YES;
				CLANG_WARN_EMPTY_BODY = YES;
				CLANG_WARN_ENUM_CONVERSION = YES;
				CLANG_WARN_INFINITE_RECURSION = YES;
				CLANG_WARN_INT_CONVERSION = YES;
				CLANG_WARN_NON_LITERAL_NULL_CONVERSION = YES;
				CLANG_WARN_OBJC_IMPLICIT_RETAIN_SELF = YES;
				CLANG_WARN_OBJC_LITERAL_CONVERSION = YES;
				CLANG_WARN_OBJC_ROOT_CLASS = YES_ERROR;
				CLANG_WARN_QUOTED_INCLUDE_IN_FRAMEWORK_HEADER = YES;
				CLANG_WARN_RANGE_LOOP_ANALYSIS = YES;
				CLANG_WARN_STRICT_PROTOTYPES = YES;
				CLANG_WARN_SUSPICIOUS_MOVE = YES;
				CLANG_WARN_UNGUARDED_AVAILABILITY = YES_AGGRESSIVE;
				CLANG_WARN_UNREACHABLE_CODE = YES;
				CLANG_WARN__DUPLICATE_METHOD_MATCH = YES;
				COPY_PHASE_STRIP = NO;
				DEBUG_INFORMATION_FORMAT = "dwarf-with-dsym";
				ENABLE_NS_ASSERTIONS = NO;
				ENABLE_STRICT_OBJC_MSGSEND = YES;
				GCC_C_LANGUAGE_STANDARD = gnu11;
				GCC_NO_COMMON_BLOCKS = YES;
				GCC_WARN_64_TO_32_BIT_CONVERSION = YES;
				GCC_WARN_ABOUT_RETURN_TYPE = YES_ERROR;
				GCC_WARN_UNDECLARED_SELECTOR = YES;
				GCC_WARN_UNINITIALIZED_AUTOS = YES_AGGRESSIVE;
				GCC_WARN_UNUSED_FUNCTION = YES;
				GCC_WARN_UNUSED_VARIABLE = YES;
				IPHONEOS_DEPLOYMENT_TARGET = 16.4;
				MTL_ENABLE_DEBUG_INFO = NO;
				MTL_FAST_MATH = YES;
				SDKROOT = iphoneos;
				SWIFT_COMPILATION_MODE = wholemodule;
				SWIFT_OPTIMIZATION_LEVEL = "-O";
				VALIDATE_PRODUCT = YES;
			};
			name = Release;
		};
		0754CE292AFBFF7900949B1B /* Debug */ = {
			isa = XCBuildConfiguration;
			buildSettings = {
				ASSETCATALOG_COMPILER_APPICON_NAME = AppIcon;
				ASSETCATALOG_COMPILER_GLOBAL_ACCENT_COLOR_NAME = AccentColor;
				CODE_SIGN_STYLE = Automatic;
				CURRENT_PROJECT_VERSION = 1;
				DEVELOPMENT_ASSET_PATHS = "\"luminXlogic/Preview Content\"";
				DEVELOPMENT_TEAM = SG78STP3HQ;
				ENABLE_PREVIEWS = YES;
				GENERATE_INFOPLIST_FILE = YES;
				INFOPLIST_KEY_UIApplicationSceneManifest_Generation = YES;
				INFOPLIST_KEY_UIApplicationSupportsIndirectInputEvents = YES;
				INFOPLIST_KEY_UILaunchScreen_Generation = YES;
				INFOPLIST_KEY_UISupportedInterfaceOrientations_iPad = "UIInterfaceOrientationPortrait UIInterfaceOrientationPortraitUpsideDown UIInterfaceOrientationLandscapeLeft UIInterfaceOrientationLandscapeRight";
				INFOPLIST_KEY_UISupportedInterfaceOrientations_iPhone = "UIInterfaceOrientationPortrait UIInterfaceOrientationLandscapeLeft UIInterfaceOrientationLandscapeRight";
				LD_RUNPATH_SEARCH_PATHS = (
					"$(inherited)",
					"@executable_path/Frameworks",
				);
				MARKETING_VERSION = 1.0;
				PRODUCT_BUNDLE_IDENTIFIER = Sam.luminXlogic;
				PRODUCT_NAME = "$(TARGET_NAME)";
				SWIFT_EMIT_LOC_STRINGS = YES;
				SWIFT_VERSION = 5.0;
				TARGETED_DEVICE_FAMILY = "1,2";
			};
			name = Debug;
		};
		0754CE2A2AFBFF7900949B1B /* Release */ = {
			isa = XCBuildConfiguration;
			buildSettings = {
				ASSETCATALOG_COMPILER_APPICON_NAME = AppIcon;
				ASSETCATALOG_COMPILER_GLOBAL_ACCENT_COLOR_NAME = AccentColor;
				CODE_SIGN_STYLE = Automatic;
				CURRENT_PROJECT_VERSION = 1;
				DEVELOPMENT_ASSET_PATHS = "\"luminXlogic/Preview Content\"";
				DEVELOPMENT_TEAM = SG78STP3HQ;
				ENABLE_PREVIEWS = YES;
				GENERATE_INFOPLIST_FILE = YES;
				INFOPLIST_KEY_UIApplicationSceneManifest_Generation = YES;
				INFOPLIST_KEY_UIApplicationSupportsIndirectInputEvents = YES;
				INFOPLIST_KEY_UILaunchScreen_Generation = YES;
				INFOPLIST_KEY_UISupportedInterfaceOrientations_iPad = "UIInterfaceOrientationPortrait UIInterfaceOrientationPortraitUpsideDown UIInterfaceOrientationLandscapeLeft UIInterfaceOrientationLandscapeRight";
				INFOPLIST_KEY_UISupportedInterfaceOrientations_iPhone = "UIInterfaceOrientationPortrait UIInterfaceOrientationLandscapeLeft UIInterfaceOrientationLandscapeRight";
				LD_RUNPATH_SEARCH_PATHS = (
					"$(inherited)",
					"@executable_path/Frameworks",
				);
				MARKETING_VERSION = 1.0;
				PRODUCT_BUNDLE_IDENTIFIER = Sam.luminXlogic;
				PRODUCT_NAME = "$(TARGET_NAME)";
				SWIFT_EMIT_LOC_STRINGS = YES;
				SWIFT_VERSION = 5.0;
				TARGETED_DEVICE_FAMILY = "1,2";
			};
			name = Release;
		};
		0754CE2C2AFBFF7900949B1B /* Debug */ = {
			isa = XCBuildConfiguration;
			buildSettings = {
				ALWAYS_EMBED_SWIFT_STANDARD_LIBRARIES = YES;
				BUNDLE_LOADER = "$(TEST_HOST)";
				CODE_SIGN_STYLE = Automatic;
				CURRENT_PROJECT_VERSION = 1;
				DEVELOPMENT_TEAM = SG78STP3HQ;
				GENERATE_INFOPLIST_FILE = YES;
				IPHONEOS_DEPLOYMENT_TARGET = 16.4;
				MARKETING_VERSION = 1.0;
				PRODUCT_BUNDLE_IDENTIFIER = Sam.luminXlogicTests;
				PRODUCT_NAME = "$(TARGET_NAME)";
				SWIFT_EMIT_LOC_STRINGS = NO;
				SWIFT_VERSION = 5.0;
				TARGETED_DEVICE_FAMILY = "1,2";
				TEST_HOST = "$(BUILT_PRODUCTS_DIR)/luminXlogic.app/$(BUNDLE_EXECUTABLE_FOLDER_PATH)/luminXlogic";
			};
			name = Debug;
		};
		0754CE2D2AFBFF7900949B1B /* Release */ = {
			isa = XCBuildConfiguration;
			buildSettings = {
				ALWAYS_EMBED_SWIFT_STANDARD_LIBRARIES = YES;
				BUNDLE_LOADER = "$(TEST_HOST)";
				CODE_SIGN_STYLE = Automatic;
				CURRENT_PROJECT_VERSION = 1;
				DEVELOPMENT_TEAM = SG78STP3HQ;
				GENERATE_INFOPLIST_FILE = YES;
				IPHONEOS_DEPLOYMENT_TARGET = 16.4;
				MARKETING_VERSION = 1.0;
				PRODUCT_BUNDLE_IDENTIFIER = Sam.luminXlogicTests;
				PRODUCT_NAME = "$(TARGET_NAME)";
				SWIFT_EMIT_LOC_STRINGS = NO;
				SWIFT_VERSION = 5.0;
				TARGETED_DEVICE_FAMILY = "1,2";
				TEST_HOST = "$(BUILT_PRODUCTS_DIR)/luminXlogic.app/$(BUNDLE_EXECUTABLE_FOLDER_PATH)/luminXlogic";
			};
			name = Release;
		};
		0754CE2F2AFBFF7900949B1B /* Debug */ = {
			isa = XCBuildConfiguration;
			buildSettings = {
				ALWAYS_EMBED_SWIFT_STANDARD_LIBRARIES = YES;
				CODE_SIGN_STYLE = Automatic;
				CURRENT_PROJECT_VERSION = 1;
				DEVELOPMENT_TEAM = SG78STP3HQ;
				GENERATE_INFOPLIST_FILE = YES;
				MARKETING_VERSION = 1.0;
				PRODUCT_BUNDLE_IDENTIFIER = Sam.luminXlogicUITests;
				PRODUCT_NAME = "$(TARGET_NAME)";
				SWIFT_EMIT_LOC_STRINGS = NO;
				SWIFT_VERSION = 5.0;
				TARGETED_DEVICE_FAMILY = "1,2";
				TEST_TARGET_NAME = luminXlogic;
			};
			name = Debug;
		};
		0754CE302AFBFF7900949B1B /* Release */ = {
			isa = XCBuildConfiguration;
			buildSettings = {
				ALWAYS_EMBED_SWIFT_STANDARD_LIBRARIES = YES;
				CODE_SIGN_STYLE = Automatic;
				CURRENT_PROJECT_VERSION = 1;
				DEVELOPMENT_TEAM = SG78STP3HQ;
				GENERATE_INFOPLIST_FILE = YES;
				MARKETING_VERSION = 1.0;
				PRODUCT_BUNDLE_IDENTIFIER = Sam.luminXlogicUITests;
				PRODUCT_NAME = "$(TARGET_NAME)";
				SWIFT_EMIT_LOC_STRINGS = NO;
				SWIFT_VERSION = 5.0;
				TARGETED_DEVICE_FAMILY = "1,2";
				TEST_TARGET_NAME = luminXlogic;
			};
			name = Release;
		};
/* End XCBuildConfiguration section */

/* Begin XCConfigurationList section */
		0754CDFF2AFBFF7800949B1B /* Build configuration list for PBXProject "luminXlogic" */ = {
			isa = XCConfigurationList;
			buildConfigurations = (
				0754CE262AFBFF7900949B1B /* Debug */,
				0754CE272AFBFF7900949B1B /* Release */,
			);
			defaultConfigurationIsVisible = 0;
			defaultConfigurationName = Release;
		};
		0754CE282AFBFF7900949B1B /* Build configuration list for PBXNativeTarget "luminXlogic" */ = {
			isa = XCConfigurationList;
			buildConfigurations = (
				0754CE292AFBFF7900949B1B /* Debug */,
				0754CE2A2AFBFF7900949B1B /* Release */,
			);
			defaultConfigurationIsVisible = 0;
			defaultConfigurationName = Release;
		};
		0754CE2B2AFBFF7900949B1B /* Build configuration list for PBXNativeTarget "luminXlogicTests" */ = {
			isa = XCConfigurationList;
			buildConfigurations = (
				0754CE2C2AFBFF7900949B1B /* Debug */,
				0754CE2D2AFBFF7900949B1B /* Release */,
			);
			defaultConfigurationIsVisible = 0;
			defaultConfigurationName = Release;
		};
		0754CE2E2AFBFF7900949B1B /* Build configuration list for PBXNativeTarget "luminXlogicUITests" */ = {
			isa = XCConfigurationList;
			buildConfigurations = (
				0754CE2F2AFBFF7900949B1B /* Debug */,
				0754CE302AFBFF7900949B1B /* Release */,
			);
			defaultConfigurationIsVisible = 0;
			defaultConfigurationName = Release;
		};
/* End XCConfigurationList section */
	};
	rootObject = 0754CDFC2AFBFF7800949B1B /* Project object */;
}
